
Microsoft Visual Studio Solution File, Format Version 12.00
# Visual Studio Version 17
VisualStudioVersion = 17.10.35122.118
MinimumVisualStudioVersion = 10.0.40219.1
Project("{FAE04EC0-301F-11D3-BF4B-00C04F79EFBC}") = "DISKUSING", "DISKUSING.csproj", "{90492E62-95D4-4F5F-BC50-F80E1D5F609C}"
EndProject
Global
	GlobalSection(SolutionConfigurationPlatforms) = preSolution
		Debug|Any CPU = Debug|Any CPU
		Release|Any CPU = Release|Any CPU
	EndGlobalSection
	GlobalSection(ProjectConfigurationPlatforms) = postSolution
		{90492E62-95D4-4F5F-BC50-F80E1D5F609C}.Debug|Any CPU.ActiveCfg = Debug|Any CPU
		{90492E62-95D4-4F5F-BC50-F80E1D5F609C}.Debug|Any CPU.Build.0 = Debug|Any CPU
		{90492E62-95D4-4F5F-BC50-F80E1D5F609C}.Release|Any CPU.ActiveCfg = Release|Any CPU
		{90492E62-95D4-4F5F-BC50-F80E1D5F609C}.Release|Any CPU.Build.0 = Release|Any CPU
	EndGlobalSection
	GlobalSection(SolutionProperties) = preSolution
		HideSolutionNode = FALSE
	EndGlobalSection
	GlobalSection(ExtensibilityGlobals) = postSolution
		SolutionGuid = {1E77D2F4-20EA-4A0B-8BA6-43823D56691F}
	EndGlobalSection
EndGlobal
